// !$*UTF8*$!
{
	archiveVersion = 1;
	classes = {
	};
	objectVersion = 55;
	objects = {

/* Begin PBXBuildFile section */
		8508ADD02809613E00A5A810 /* Quizlet_ishApp.swift in Sources */ = {isa = PBXBuildFile; fileRef = 8508ADCF2809613E00A5A810 /* Quizlet_ishApp.swift */; };
		8508ADD22809613E00A5A810 /* ContentView.swift in Sources */ = {isa = PBXBuildFile; fileRef = 8508ADD12809613E00A5A810 /* ContentView.swift */; };
		8508ADD42809613F00A5A810 /* Assets.xcassets in Resources */ = {isa = PBXBuildFile; fileRef = 8508ADD32809613F00A5A810 /* Assets.xcassets */; };
		8508ADD72809613F00A5A810 /* Preview Assets.xcassets in Resources */ = {isa = PBXBuildFile; fileRef = 8508ADD62809613F00A5A810 /* Preview Assets.xcassets */; };
		8508ADDE280961CF00A5A810 /* GoogleService-Info.plist in Resources */ = {isa = PBXBuildFile; fileRef = 8508ADDD280961CE00A5A810 /* GoogleService-Info.plist */; };
		8508ADE1280962CF00A5A810 /* FirebaseAnalytics in Frameworks */ = {isa = PBXBuildFile; productRef = 8508ADE0280962CF00A5A810 /* FirebaseAnalytics */; };
		8508ADE3280962CF00A5A810 /* FirebaseAnalyticsSwift in Frameworks */ = {isa = PBXBuildFile; productRef = 8508ADE2280962CF00A5A810 /* FirebaseAnalyticsSwift */; };
		8508ADE5280962CF00A5A810 /* FirebaseAnalyticsWithoutAdIdSupport in Frameworks */ = {isa = PBXBuildFile; productRef = 8508ADE4280962CF00A5A810 /* FirebaseAnalyticsWithoutAdIdSupport */; };
		8508ADE7280962CF00A5A810 /* FirebaseAppCheck in Frameworks */ = {isa = PBXBuildFile; productRef = 8508ADE6280962CF00A5A810 /* FirebaseAppCheck */; };
		8508ADE9280962CF00A5A810 /* FirebaseAppDistribution-Beta in Frameworks */ = {isa = PBXBuildFile; productRef = 8508ADE8280962CF00A5A810 /* FirebaseAppDistribution-Beta */; };
		8508ADEB280962CF00A5A810 /* FirebaseAuth in Frameworks */ = {isa = PBXBuildFile; productRef = 8508ADEA280962CF00A5A810 /* FirebaseAuth */; };
		8508ADED280962CF00A5A810 /* FirebaseAuthCombine-Community in Frameworks */ = {isa = PBXBuildFile; productRef = 8508ADEC280962CF00A5A810 /* FirebaseAuthCombine-Community */; };
		8508ADEF280962CF00A5A810 /* FirebaseCrashlytics in Frameworks */ = {isa = PBXBuildFile; productRef = 8508ADEE280962CF00A5A810 /* FirebaseCrashlytics */; };
		8508ADF1280962CF00A5A810 /* FirebaseDatabase in Frameworks */ = {isa = PBXBuildFile; productRef = 8508ADF0280962CF00A5A810 /* FirebaseDatabase */; };
		8508ADF3280962CF00A5A810 /* FirebaseDatabaseSwift in Frameworks */ = {isa = PBXBuildFile; productRef = 8508ADF2280962CF00A5A810 /* FirebaseDatabaseSwift */; };
		8508ADF5280962CF00A5A810 /* FirebaseDynamicLinks in Frameworks */ = {isa = PBXBuildFile; productRef = 8508ADF4280962CF00A5A810 /* FirebaseDynamicLinks */; };
		8508ADF7280962CF00A5A810 /* FirebaseFirestore in Frameworks */ = {isa = PBXBuildFile; productRef = 8508ADF6280962CF00A5A810 /* FirebaseFirestore */; };
		8508ADF9280962CF00A5A810 /* FirebaseFirestoreCombine-Community in Frameworks */ = {isa = PBXBuildFile; productRef = 8508ADF8280962CF00A5A810 /* FirebaseFirestoreCombine-Community */; };
		8508ADFB280962CF00A5A810 /* FirebaseFirestoreSwift in Frameworks */ = {isa = PBXBuildFile; productRef = 8508ADFA280962CF00A5A810 /* FirebaseFirestoreSwift */; };
		8508ADFD280962CF00A5A810 /* FirebaseFunctions in Frameworks */ = {isa = PBXBuildFile; productRef = 8508ADFC280962CF00A5A810 /* FirebaseFunctions */; };
		8508ADFF280962CF00A5A810 /* FirebaseFunctionsCombine-Community in Frameworks */ = {isa = PBXBuildFile; productRef = 8508ADFE280962CF00A5A810 /* FirebaseFunctionsCombine-Community */; };
		8508AE01280962CF00A5A810 /* FirebaseInAppMessaging-Beta in Frameworks */ = {isa = PBXBuildFile; productRef = 8508AE00280962CF00A5A810 /* FirebaseInAppMessaging-Beta */; };
		8508AE03280962CF00A5A810 /* FirebaseInAppMessagingSwift-Beta in Frameworks */ = {isa = PBXBuildFile; productRef = 8508AE02280962CF00A5A810 /* FirebaseInAppMessagingSwift-Beta */; };
		8508AE05280962CF00A5A810 /* FirebaseInstallations in Frameworks */ = {isa = PBXBuildFile; productRef = 8508AE04280962CF00A5A810 /* FirebaseInstallations */; };
		8508AE07280962CF00A5A810 /* FirebaseMLModelDownloader in Frameworks */ = {isa = PBXBuildFile; productRef = 8508AE06280962CF00A5A810 /* FirebaseMLModelDownloader */; };
		8508AE09280962CF00A5A810 /* FirebaseMessaging in Frameworks */ = {isa = PBXBuildFile; productRef = 8508AE08280962CF00A5A810 /* FirebaseMessaging */; };
		8508AE0B280962CF00A5A810 /* FirebasePerformance in Frameworks */ = {isa = PBXBuildFile; productRef = 8508AE0A280962CF00A5A810 /* FirebasePerformance */; };
		8508AE0D280962CF00A5A810 /* FirebaseRemoteConfig in Frameworks */ = {isa = PBXBuildFile; productRef = 8508AE0C280962CF00A5A810 /* FirebaseRemoteConfig */; };
		8508AE0F280962CF00A5A810 /* FirebaseRemoteConfigSwift in Frameworks */ = {isa = PBXBuildFile; productRef = 8508AE0E280962CF00A5A810 /* FirebaseRemoteConfigSwift */; };
		8508AE11280962CF00A5A810 /* FirebaseStorage in Frameworks */ = {isa = PBXBuildFile; productRef = 8508AE10280962CF00A5A810 /* FirebaseStorage */; };
		8508AE13280962CF00A5A810 /* FirebaseStorageCombine-Community in Frameworks */ = {isa = PBXBuildFile; productRef = 8508AE12280962CF00A5A810 /* FirebaseStorageCombine-Community */; };
		8508AE16280965F200A5A810 /* AuthenticationService.swift in Sources */ = {isa = PBXBuildFile; fileRef = 8508AE15280965F200A5A810 /* AuthenticationService.swift */; };
		8508AE1A2809661D00A5A810 /* NewCardForm.swift in Sources */ = {isa = PBXBuildFile; fileRef = 8508AE192809661D00A5A810 /* NewCardForm.swift */; };
		8508AE1E2809665E00A5A810 /* CardView.swift in Sources */ = {isa = PBXBuildFile; fileRef = 8508AE1D2809665E00A5A810 /* CardView.swift */; };
		8508AE202809666B00A5A810 /* CardListView.swift in Sources */ = {isa = PBXBuildFile; fileRef = 8508AE1F2809666B00A5A810 /* CardListView.swift */; };
		8508AE262809DE6000A5A810 /* CardListViewModel.swift in Sources */ = {isa = PBXBuildFile; fileRef = 8508AE252809DE6000A5A810 /* CardListViewModel.swift */; };
		8508AE282809DE6D00A5A810 /* CardViewModel.swift in Sources */ = {isa = PBXBuildFile; fileRef = 8508AE272809DE6D00A5A810 /* CardViewModel.swift */; };
		8508AE2A2809DE7900A5A810 /* Card.swift in Sources */ = {isa = PBXBuildFile; fileRef = 8508AE292809DE7900A5A810 /* Card.swift */; };
		8508AE2F2809E0C100A5A810 /* CardRepository.swift in Sources */ = {isa = PBXBuildFile; fileRef = 8508AE2E2809E0C100A5A810 /* CardRepository.swift */; };
/* End PBXBuildFile section */

/* Begin PBXFileReference section */
		8508ADCC2809613E00A5A810 /* Quizlet-ish.app */ = {isa = PBXFileReference; explicitFileType = wrapper.application; includeInIndex = 0; path = "Quizlet-ish.app"; sourceTree = BUILT_PRODUCTS_DIR; };
		8508ADCF2809613E00A5A810 /* Quizlet_ishApp.swift */ = {isa = PBXFileReference; lastKnownFileType = sourcecode.swift; path = Quizlet_ishApp.swift; sourceTree = "<group>"; };
		8508ADD12809613E00A5A810 /* ContentView.swift */ = {isa = PBXFileReference; lastKnownFileType = sourcecode.swift; path = ContentView.swift; sourceTree = "<group>"; };
		8508ADD32809613F00A5A810 /* Assets.xcassets */ = {isa = PBXFileReference; lastKnownFileType = folder.assetcatalog; path = Assets.xcassets; sourceTree = "<group>"; };
		8508ADD62809613F00A5A810 /* Preview Assets.xcassets */ = {isa = PBXFileReference; lastKnownFileType = folder.assetcatalog; path = "Preview Assets.xcassets"; sourceTree = "<group>"; };
		8508ADDD280961CE00A5A810 /* GoogleService-Info.plist */ = {isa = PBXFileReference; fileEncoding = 4; lastKnownFileType = text.plist.xml; path = "GoogleService-Info.plist"; sourceTree = "<group>"; };
		8508AE15280965F200A5A810 /* AuthenticationService.swift */ = {isa = PBXFileReference; lastKnownFileType = sourcecode.swift; path = AuthenticationService.swift; sourceTree = "<group>"; };
		8508AE192809661D00A5A810 /* NewCardForm.swift */ = {isa = PBXFileReference; lastKnownFileType = sourcecode.swift; path = NewCardForm.swift; sourceTree = "<group>"; };
		8508AE1D2809665E00A5A810 /* CardView.swift */ = {isa = PBXFileReference; lastKnownFileType = sourcecode.swift; path = CardView.swift; sourceTree = "<group>"; };
		8508AE1F2809666B00A5A810 /* CardListView.swift */ = {isa = PBXFileReference; lastKnownFileType = sourcecode.swift; path = CardListView.swift; sourceTree = "<group>"; };
		8508AE252809DE6000A5A810 /* CardListViewModel.swift */ = {isa = PBXFileReference; lastKnownFileType = sourcecode.swift; path = CardListViewModel.swift; sourceTree = "<group>"; };
		8508AE272809DE6D00A5A810 /* CardViewModel.swift */ = {isa = PBXFileReference; lastKnownFileType = sourcecode.swift; path = CardViewModel.swift; sourceTree = "<group>"; };
		8508AE292809DE7900A5A810 /* Card.swift */ = {isa = PBXFileReference; lastKnownFileType = sourcecode.swift; path = Card.swift; sourceTree = "<group>"; };
		8508AE2E2809E0C100A5A810 /* CardRepository.swift */ = {isa = PBXFileReference; lastKnownFileType = sourcecode.swift; path = CardRepository.swift; sourceTree = "<group>"; };
/* End PBXFileReference section */

/* Begin PBXFrameworksBuildPhase section */
		8508ADC92809613E00A5A810 /* Frameworks */ = {
			isa = PBXFrameworksBuildPhase;
			buildActionMask = 2147483647;
			files = (
				8508AE0B280962CF00A5A810 /* FirebasePerformance in Frameworks */,
				8508ADF9280962CF00A5A810 /* FirebaseFirestoreCombine-Community in Frameworks */,
				8508ADF3280962CF00A5A810 /* FirebaseDatabaseSwift in Frameworks */,
				8508AE11280962CF00A5A810 /* FirebaseStorage in Frameworks */,
				8508ADF5280962CF00A5A810 /* FirebaseDynamicLinks in Frameworks */,
				8508ADFB280962CF00A5A810 /* FirebaseFirestoreSwift in Frameworks */,
				8508ADE7280962CF00A5A810 /* FirebaseAppCheck in Frameworks */,
				8508AE01280962CF00A5A810 /* FirebaseInAppMessaging-Beta in Frameworks */,
				8508ADEB280962CF00A5A810 /* FirebaseAuth in Frameworks */,
				8508AE07280962CF00A5A810 /* FirebaseMLModelDownloader in Frameworks */,
				8508AE0F280962CF00A5A810 /* FirebaseRemoteConfigSwift in Frameworks */,
				8508ADE3280962CF00A5A810 /* FirebaseAnalyticsSwift in Frameworks */,
				8508AE09280962CF00A5A810 /* FirebaseMessaging in Frameworks */,
				8508AE05280962CF00A5A810 /* FirebaseInstallations in Frameworks */,
				8508ADFF280962CF00A5A810 /* FirebaseFunctionsCombine-Community in Frameworks */,
				8508ADF7280962CF00A5A810 /* FirebaseFirestore in Frameworks */,
				8508AE13280962CF00A5A810 /* FirebaseStorageCombine-Community in Frameworks */,
				8508ADE9280962CF00A5A810 /* FirebaseAppDistribution-Beta in Frameworks */,
				8508ADE5280962CF00A5A810 /* FirebaseAnalyticsWithoutAdIdSupport in Frameworks */,
				8508ADEF280962CF00A5A810 /* FirebaseCrashlytics in Frameworks */,
				8508ADF1280962CF00A5A810 /* FirebaseDatabase in Frameworks */,
				8508AE0D280962CF00A5A810 /* FirebaseRemoteConfig in Frameworks */,
				8508ADFD280962CF00A5A810 /* FirebaseFunctions in Frameworks */,
				8508ADED280962CF00A5A810 /* FirebaseAuthCombine-Community in Frameworks */,
				8508AE03280962CF00A5A810 /* FirebaseInAppMessagingSwift-Beta in Frameworks */,
				8508ADE1280962CF00A5A810 /* FirebaseAnalytics in Frameworks */,
			);
			runOnlyForDeploymentPostprocessing = 0;
		};
/* End PBXFrameworksBuildPhase section */

/* Begin PBXGroup section */
		8508ADC32809613E00A5A810 = {
			isa = PBXGroup;
			children = (
				8508ADCE2809613E00A5A810 /* Quizlet-ish */,
				8508ADCD2809613E00A5A810 /* Products */,
			);
			sourceTree = "<group>";
		};
		8508ADCD2809613E00A5A810 /* Products */ = {
			isa = PBXGroup;
			children = (
				8508ADCC2809613E00A5A810 /* Quizlet-ish.app */,
			);
			name = Products;
			sourceTree = "<group>";
		};
		8508ADCE2809613E00A5A810 /* Quizlet-ish */ = {
			isa = PBXGroup;
			children = (
				8508AE14280965B500A5A810 /* Services */,
				8508AE17280965FC00A5A810 /* Views */,
				8508AE222809669600A5A810 /* ViewModels */,
				8508AE242809DE3700A5A810 /* Models */,
				8508AE2B2809DE9300A5A810 /* Repositories */,
				8508ADCF2809613E00A5A810 /* Quizlet_ishApp.swift */,
				8508ADDD280961CE00A5A810 /* GoogleService-Info.plist */,
				8508ADD12809613E00A5A810 /* ContentView.swift */,
				8508ADD32809613F00A5A810 /* Assets.xcassets */,
				8508ADD52809613F00A5A810 /* Preview Content */,
			);
			path = "Quizlet-ish";
			sourceTree = "<group>";
		};
		8508ADD52809613F00A5A810 /* Preview Content */ = {
			isa = PBXGroup;
			children = (
				8508ADD62809613F00A5A810 /* Preview Assets.xcassets */,
			);
			path = "Preview Content";
			sourceTree = "<group>";
		};
		8508AE14280965B500A5A810 /* Services */ = {
			isa = PBXGroup;
			children = (
				8508AE15280965F200A5A810 /* AuthenticationService.swift */,
			);
			path = Services;
			sourceTree = "<group>";
		};
		8508AE17280965FC00A5A810 /* Views */ = {
			isa = PBXGroup;
			children = (
				8508AE182809660B00A5A810 /* Card */,
			);
			path = Views;
			sourceTree = "<group>";
		};
		8508AE182809660B00A5A810 /* Card */ = {
			isa = PBXGroup;
			children = (
				8508AE192809661D00A5A810 /* NewCardForm.swift */,
				8508AE1D2809665E00A5A810 /* CardView.swift */,
				8508AE1F2809666B00A5A810 /* CardListView.swift */,
			);
			path = Card;
			sourceTree = "<group>";
		};
		8508AE222809669600A5A810 /* ViewModels */ = {
			isa = PBXGroup;
			children = (
				8508AE252809DE6000A5A810 /* CardListViewModel.swift */,
				8508AE272809DE6D00A5A810 /* CardViewModel.swift */,
			);
			path = ViewModels;
			sourceTree = "<group>";
		};
		8508AE242809DE3700A5A810 /* Models */ = {
			isa = PBXGroup;
			children = (
				8508AE292809DE7900A5A810 /* Card.swift */,
			);
			path = Models;
			sourceTree = "<group>";
		};
		8508AE2B2809DE9300A5A810 /* Repositories */ = {
			isa = PBXGroup;
			children = (
				8508AE2E2809E0C100A5A810 /* CardRepository.swift */,
			);
			path = Repositories;
			sourceTree = "<group>";
		};
/* End PBXGroup section */

/* Begin PBXNativeTarget section */
		8508ADCB2809613E00A5A810 /* Quizlet-ish */ = {
			isa = PBXNativeTarget;
			buildConfigurationList = 8508ADDA2809613F00A5A810 /* Build configuration list for PBXNativeTarget "Quizlet-ish" */;
			buildPhases = (
				8508ADC82809613E00A5A810 /* Sources */,
				8508ADC92809613E00A5A810 /* Frameworks */,
				8508ADCA2809613E00A5A810 /* Resources */,
			);
			buildRules = (
			);
			dependencies = (
			);
			name = "Quizlet-ish";
			packageProductDependencies = (
				8508ADE0280962CF00A5A810 /* FirebaseAnalytics */,
				8508ADE2280962CF00A5A810 /* FirebaseAnalyticsSwift */,
				8508ADE4280962CF00A5A810 /* FirebaseAnalyticsWithoutAdIdSupport */,
				8508ADE6280962CF00A5A810 /* FirebaseAppCheck */,
				8508ADE8280962CF00A5A810 /* FirebaseAppDistribution-Beta */,
				8508ADEA280962CF00A5A810 /* FirebaseAuth */,
				8508ADEC280962CF00A5A810 /* FirebaseAuthCombine-Community */,
				8508ADEE280962CF00A5A810 /* FirebaseCrashlytics */,
				8508ADF0280962CF00A5A810 /* FirebaseDatabase */,
				8508ADF2280962CF00A5A810 /* FirebaseDatabaseSwift */,
				8508ADF4280962CF00A5A810 /* FirebaseDynamicLinks */,
				8508ADF6280962CF00A5A810 /* FirebaseFirestore */,
				8508ADF8280962CF00A5A810 /* FirebaseFirestoreCombine-Community */,
				8508ADFA280962CF00A5A810 /* FirebaseFirestoreSwift */,
				8508ADFC280962CF00A5A810 /* FirebaseFunctions */,
				8508ADFE280962CF00A5A810 /* FirebaseFunctionsCombine-Community */,
				8508AE00280962CF00A5A810 /* FirebaseInAppMessaging-Beta */,
				8508AE02280962CF00A5A810 /* FirebaseInAppMessagingSwift-Beta */,
				8508AE04280962CF00A5A810 /* FirebaseInstallations */,
				8508AE06280962CF00A5A810 /* FirebaseMLModelDownloader */,
				8508AE08280962CF00A5A810 /* FirebaseMessaging */,
				8508AE0A280962CF00A5A810 /* FirebasePerformance */,
				8508AE0C280962CF00A5A810 /* FirebaseRemoteConfig */,
				8508AE0E280962CF00A5A810 /* FirebaseRemoteConfigSwift */,
				8508AE10280962CF00A5A810 /* FirebaseStorage */,
				8508AE12280962CF00A5A810 /* FirebaseStorageCombine-Community */,
			);
			productName = "Quizlet-ish";
			productReference = 8508ADCC2809613E00A5A810 /* Quizlet-ish.app */;
			productType = "com.apple.product-type.application";
		};
/* End PBXNativeTarget section */

/* Begin PBXProject section */
		8508ADC42809613E00A5A810 /* Project object */ = {
			isa = PBXProject;
			attributes = {
				BuildIndependentTargetsInParallel = 1;
				LastSwiftUpdateCheck = 1320;
				LastUpgradeCheck = 1320;
				TargetAttributes = {
					8508ADCB2809613E00A5A810 = {
						CreatedOnToolsVersion = 13.2.1;
					};
				};
			};
			buildConfigurationList = 8508ADC72809613E00A5A810 /* Build configuration list for PBXProject "Quizlet-ish" */;
			compatibilityVersion = "Xcode 13.0";
			developmentRegion = en;
			hasScannedForEncodings = 0;
			knownRegions = (
				en,
				Base,
			);
			mainGroup = 8508ADC32809613E00A5A810;
			packageReferences = (
				8508ADDF280962CF00A5A810 /* XCRemoteSwiftPackageReference "firebase-ios-sdk" */,
			);
			productRefGroup = 8508ADCD2809613E00A5A810 /* Products */;
			projectDirPath = "";
			projectRoot = "";
			targets = (
				8508ADCB2809613E00A5A810 /* Quizlet-ish */,
			);
		};
/* End PBXProject section */

/* Begin PBXResourcesBuildPhase section */
		8508ADCA2809613E00A5A810 /* Resources */ = {
			isa = PBXResourcesBuildPhase;
			buildActionMask = 2147483647;
			files = (
				8508ADD72809613F00A5A810 /* Preview Assets.xcassets in Resources */,
				8508ADD42809613F00A5A810 /* Assets.xcassets in Resources */,
				8508ADDE280961CF00A5A810 /* GoogleService-Info.plist in Resources */,
			);
			runOnlyForDeploymentPostprocessing = 0;
		};
/* End PBXResourcesBuildPhase section */

/* Begin PBXSourcesBuildPhase section */
		8508ADC82809613E00A5A810 /* Sources */ = {
			isa = PBXSourcesBuildPhase;
			buildActionMask = 2147483647;
			files = (
				8508AE1A2809661D00A5A810 /* NewCardForm.swift in Sources */,
				8508AE2A2809DE7900A5A810 /* Card.swift in Sources */,
				8508AE16280965F200A5A810 /* AuthenticationService.swift in Sources */,
				8508ADD22809613E00A5A810 /* ContentView.swift in Sources */,
				8508ADD02809613E00A5A810 /* Quizlet_ishApp.swift in Sources */,
				8508AE282809DE6D00A5A810 /* CardViewModel.swift in Sources */,
				8508AE202809666B00A5A810 /* CardListView.swift in Sources */,
				8508AE2F2809E0C100A5A810 /* CardRepository.swift in Sources */,
				8508AE1E2809665E00A5A810 /* CardView.swift in Sources */,
				8508AE262809DE6000A5A810 /* CardListViewModel.swift in Sources */,
			);
			runOnlyForDeploymentPostprocessing = 0;
		};
/* End PBXSourcesBuildPhase section */

/* Begin XCBuildConfiguration section */
		8508ADD82809613F00A5A810 /* Debug */ = {
			isa = XCBuildConfiguration;
			buildSettings = {
				ALWAYS_SEARCH_USER_PATHS = NO;
				CLANG_ANALYZER_NONNULL = YES;
				CLANG_ANALYZER_NUMBER_OBJECT_CONVERSION = YES_AGGRESSIVE;
				CLANG_CXX_LANGUAGE_STANDARD = "gnu++17";
				CLANG_CXX_LIBRARY = "libc++";
				CLANG_ENABLE_MODULES = YES;
				CLANG_ENABLE_OBJC_ARC = YES;
				CLANG_ENABLE_OBJC_WEAK = YES;
				CLANG_WARN_BLOCK_CAPTURE_AUTORELEASING = YES;
				CLANG_WARN_BOOL_CONVERSION = YES;
				CLANG_WARN_COMMA = YES;
				CLANG_WARN_CONSTANT_CONVERSION = YES;
				CLANG_WARN_DEPRECATED_OBJC_IMPLEMENTATIONS = YES;
				CLANG_WARN_DIRECT_OBJC_ISA_USAGE = YES_ERROR;
				CLANG_WARN_DOCUMENTATION_COMMENTS = YES;
				CLANG_WARN_EMPTY_BODY = YES;
				CLANG_WARN_ENUM_CONVERSION = YES;
				CLANG_WARN_INFINITE_RECURSION = YES;
				CLANG_WARN_INT_CONVERSION = YES;
				CLANG_WARN_NON_LITERAL_NULL_CONVERSION = YES;
				CLANG_WARN_OBJC_IMPLICIT_RETAIN_SELF = YES;
				CLANG_WARN_OBJC_LITERAL_CONVERSION = YES;
				CLANG_WARN_OBJC_ROOT_CLASS = YES_ERROR;
				CLANG_WARN_QUOTED_INCLUDE_IN_FRAMEWORK_HEADER = YES;
				CLANG_WARN_RANGE_LOOP_ANALYSIS = YES;
				CLANG_WARN_STRICT_PROTOTYPES = YES;
				CLANG_WARN_SUSPICIOUS_MOVE = YES;
				CLANG_WARN_UNGUARDED_AVAILABILITY = YES_AGGRESSIVE;
				CLANG_WARN_UNREACHABLE_CODE = YES;
				CLANG_WARN__DUPLICATE_METHOD_MATCH = YES;
				COPY_PHASE_STRIP = NO;
				DEBUG_INFORMATION_FORMAT = dwarf;
				ENABLE_STRICT_OBJC_MSGSEND = YES;
				ENABLE_TESTABILITY = YES;
				GCC_C_LANGUAGE_STANDARD = gnu11;
				GCC_DYNAMIC_NO_PIC = NO;
				GCC_NO_COMMON_BLOCKS = YES;
				GCC_OPTIMIZATION_LEVEL = 0;
				GCC_PREPROCESSOR_DEFINITIONS = (
					"DEBUG=1",
					"$(inherited)",
				);
				GCC_WARN_64_TO_32_BIT_CONVERSION = YES;
				GCC_WARN_ABOUT_RETURN_TYPE = YES_ERROR;
				GCC_WARN_UNDECLARED_SELECTOR = YES;
				GCC_WARN_UNINITIALIZED_AUTOS = YES_AGGRESSIVE;
				GCC_WARN_UNUSED_FUNCTION = YES;
				GCC_WARN_UNUSED_VARIABLE = YES;
				IPHONEOS_DEPLOYMENT_TARGET = 15.2;
				MTL_ENABLE_DEBUG_INFO = INCLUDE_SOURCE;
				MTL_FAST_MATH = YES;
				ONLY_ACTIVE_ARCH = YES;
				SDKROOT = iphoneos;
				SWIFT_ACTIVE_COMPILATION_CONDITIONS = DEBUG;
				SWIFT_OPTIMIZATION_LEVEL = "-Onone";
			};
			name = Debug;
		};
		8508ADD92809613F00A5A810 /* Release */ = {
			isa = XCBuildConfiguration;
			buildSettings = {
				ALWAYS_SEARCH_USER_PATHS = NO;
				CLANG_ANALYZER_NONNULL = YES;
				CLANG_ANALYZER_NUMBER_OBJECT_CONVERSION = YES_AGGRESSIVE;
				CLANG_CXX_LANGUAGE_STANDARD = "gnu++17";
				CLANG_CXX_LIBRARY = "libc++";
				CLANG_ENABLE_MODULES = YES;
				CLANG_ENABLE_OBJC_ARC = YES;
				CLANG_ENABLE_OBJC_WEAK = YES;
				CLANG_WARN_BLOCK_CAPTURE_AUTORELEASING = YES;
				CLANG_WARN_BOOL_CONVERSION = YES;
				CLANG_WARN_COMMA = YES;
				CLANG_WARN_CONSTANT_CONVERSION = YES;
				CLANG_WARN_DEPRECATED_OBJC_IMPLEMENTATIONS = YES;
				CLANG_WARN_DIRECT_OBJC_ISA_USAGE = YES_ERROR;
				CLANG_WARN_DOCUMENTATION_COMMENTS = YES;
				CLANG_WARN_EMPTY_BODY = YES;
				CLANG_WARN_ENUM_CONVERSION = YES;
				CLANG_WARN_INFINITE_RECURSION = YES;
				CLANG_WARN_INT_CONVERSION = YES;
				CLANG_WARN_NON_LITERAL_NULL_CONVERSION = YES;
				CLANG_WARN_OBJC_IMPLICIT_RETAIN_SELF = YES;
				CLANG_WARN_OBJC_LITERAL_CONVERSION = YES;
				CLANG_WARN_OBJC_ROOT_CLASS = YES_ERROR;
				CLANG_WARN_QUOTED_INCLUDE_IN_FRAMEWORK_HEADER = YES;
				CLANG_WARN_RANGE_LOOP_ANALYSIS = YES;
				CLANG_WARN_STRICT_PROTOTYPES = YES;
				CLANG_WARN_SUSPICIOUS_MOVE = YES;
				CLANG_WARN_UNGUARDED_AVAILABILITY = YES_AGGRESSIVE;
				CLANG_WARN_UNREACHABLE_CODE = YES;
				CLANG_WARN__DUPLICATE_METHOD_MATCH = YES;
				COPY_PHASE_STRIP = NO;
				DEBUG_INFORMATION_FORMAT = "dwarf-with-dsym";
				ENABLE_NS_ASSERTIONS = NO;
				ENABLE_STRICT_OBJC_MSGSEND = YES;
				GCC_C_LANGUAGE_STANDARD = gnu11;
				GCC_NO_COMMON_BLOCKS = YES;
				GCC_WARN_64_TO_32_BIT_CONVERSION = YES;
				GCC_WARN_ABOUT_RETURN_TYPE = YES_ERROR;
				GCC_WARN_UNDECLARED_SELECTOR = YES;
				GCC_WARN_UNINITIALIZED_AUTOS = YES_AGGRESSIVE;
				GCC_WARN_UNUSED_FUNCTION = YES;
				GCC_WARN_UNUSED_VARIABLE = YES;
				IPHONEOS_DEPLOYMENT_TARGET = 15.2;
				MTL_ENABLE_DEBUG_INFO = NO;
				MTL_FAST_MATH = YES;
				SDKROOT = iphoneos;
				SWIFT_COMPILATION_MODE = wholemodule;
				SWIFT_OPTIMIZATION_LEVEL = "-O";
				VALIDATE_PRODUCT = YES;
			};
			name = Release;
		};
		8508ADDB2809613F00A5A810 /* Debug */ = {
			isa = XCBuildConfiguration;
			buildSettings = {
				ASSETCATALOG_COMPILER_APPICON_NAME = AppIcon;
				ASSETCATALOG_COMPILER_GLOBAL_ACCENT_COLOR_NAME = AccentColor;
				CODE_SIGN_STYLE = Automatic;
				CURRENT_PROJECT_VERSION = 1;
				DEVELOPMENT_ASSET_PATHS = "\"Quizlet-ish/Preview Content\"";
				ENABLE_PREVIEWS = YES;
				GENERATE_INFOPLIST_FILE = YES;
				INFOPLIST_KEY_UIApplicationSceneManifest_Generation = YES;
				INFOPLIST_KEY_UIApplicationSupportsIndirectInputEvents = YES;
				INFOPLIST_KEY_UILaunchScreen_Generation = YES;
				INFOPLIST_KEY_UISupportedInterfaceOrientations_iPad = "UIInterfaceOrientationPortrait UIInterfaceOrientationPortraitUpsideDown UIInterfaceOrientationLandscapeLeft UIInterfaceOrientationLandscapeRight";
				INFOPLIST_KEY_UISupportedInterfaceOrientations_iPhone = "UIInterfaceOrientationPortrait UIInterfaceOrientationLandscapeLeft UIInterfaceOrientationLandscapeRight";
				LD_RUNPATH_SEARCH_PATHS = (
					"$(inherited)",
					"@executable_path/Frameworks",
				);
				MARKETING_VERSION = 1.0;
				PRODUCT_BUNDLE_IDENTIFIER = "com.larkwang.Quizlet-ish";
				PRODUCT_NAME = "$(TARGET_NAME)";
				SWIFT_EMIT_LOC_STRINGS = YES;
				SWIFT_VERSION = 5.0;
				TARGETED_DEVICE_FAMILY = "1,2";
			};
			name = Debug;
		};
		8508ADDC2809613F00A5A810 /* Release */ = {
			isa = XCBuildConfiguration;
			buildSettings = {
				ASSETCATALOG_COMPILER_APPICON_NAME = AppIcon;
				ASSETCATALOG_COMPILER_GLOBAL_ACCENT_COLOR_NAME = AccentColor;
				CODE_SIGN_STYLE = Automatic;
				CURRENT_PROJECT_VERSION = 1;
				DEVELOPMENT_ASSET_PATHS = "\"Quizlet-ish/Preview Content\"";
				ENABLE_PREVIEWS = YES;
				GENERATE_INFOPLIST_FILE = YES;
				INFOPLIST_KEY_UIApplicationSceneManifest_Generation = YES;
				INFOPLIST_KEY_UIApplicationSupportsIndirectInputEvents = YES;
				INFOPLIST_KEY_UILaunchScreen_Generation = YES;
				INFOPLIST_KEY_UISupportedInterfaceOrientations_iPad = "UIInterfaceOrientationPortrait UIInterfaceOrientationPortraitUpsideDown UIInterfaceOrientationLandscapeLeft UIInterfaceOrientationLandscapeRight";
				INFOPLIST_KEY_UISupportedInterfaceOrientations_iPhone = "UIInterfaceOrientationPortrait UIInterfaceOrientationLandscapeLeft UIInterfaceOrientationLandscapeRight";
				LD_RUNPATH_SEARCH_PATHS = (
					"$(inherited)",
					"@executable_path/Frameworks",
				);
				MARKETING_VERSION = 1.0;
				PRODUCT_BUNDLE_IDENTIFIER = "com.larkwang.Quizlet-ish";
				PRODUCT_NAME = "$(TARGET_NAME)";
				SWIFT_EMIT_LOC_STRINGS = YES;
				SWIFT_VERSION = 5.0;
				TARGETED_DEVICE_FAMILY = "1,2";
			};
			name = Release;
		};
/* End XCBuildConfiguration section */

/* Begin XCConfigurationList section */
		8508ADC72809613E00A5A810 /* Build configuration list for PBXProject "Quizlet-ish" */ = {
			isa = XCConfigurationList;
			buildConfigurations = (
				8508ADD82809613F00A5A810 /* Debug */,
				8508ADD92809613F00A5A810 /* Release */,
			);
			defaultConfigurationIsVisible = 0;
			defaultConfigurationName = Release;
		};
		8508ADDA2809613F00A5A810 /* Build configuration list for PBXNativeTarget "Quizlet-ish" */ = {
			isa = XCConfigurationList;
			buildConfigurations = (
				8508ADDB2809613F00A5A810 /* Debug */,
				8508ADDC2809613F00A5A810 /* Release */,
			);
			defaultConfigurationIsVisible = 0;
			defaultConfigurationName = Release;
		};
/* End XCConfigurationList section */

/* Begin XCRemoteSwiftPackageReference section */
		8508ADDF280962CF00A5A810 /* XCRemoteSwiftPackageReference "firebase-ios-sdk" */ = {
			isa = XCRemoteSwiftPackageReference;
			repositoryURL = "https://github.com/firebase/firebase-ios-sdk";
			requirement = {
				branch = master;
				kind = branch;
			};
		};
/* End XCRemoteSwiftPackageReference section */

/* Begin XCSwiftPackageProductDependency section */
		8508ADE0280962CF00A5A810 /* FirebaseAnalytics */ = {
			isa = XCSwiftPackageProductDependency;
			package = 8508ADDF280962CF00A5A810 /* XCRemoteSwiftPackageReference "firebase-ios-sdk" */;
			productName = FirebaseAnalytics;
		};
		8508ADE2280962CF00A5A810 /* FirebaseAnalyticsSwift */ = {
			isa = XCSwiftPackageProductDependency;
			package = 8508ADDF280962CF00A5A810 /* XCRemoteSwiftPackageReference "firebase-ios-sdk" */;
			productName = FirebaseAnalyticsSwift;
		};
		8508ADE4280962CF00A5A810 /* FirebaseAnalyticsWithoutAdIdSupport */ = {
			isa = XCSwiftPackageProductDependency;
			package = 8508ADDF280962CF00A5A810 /* XCRemoteSwiftPackageReference "firebase-ios-sdk" */;
			productName = FirebaseAnalyticsWithoutAdIdSupport;
		};
		8508ADE6280962CF00A5A810 /* FirebaseAppCheck */ = {
			isa = XCSwiftPackageProductDependency;
			package = 8508ADDF280962CF00A5A810 /* XCRemoteSwiftPackageReference "firebase-ios-sdk" */;
			productName = FirebaseAppCheck;
		};
		8508ADE8280962CF00A5A810 /* FirebaseAppDistribution-Beta */ = {
			isa = XCSwiftPackageProductDependency;
			package = 8508ADDF280962CF00A5A810 /* XCRemoteSwiftPackageReference "firebase-ios-sdk" */;
			productName = "FirebaseAppDistribution-Beta";
		};
		8508ADEA280962CF00A5A810 /* FirebaseAuth */ = {
			isa = XCSwiftPackageProductDependency;
			package = 8508ADDF280962CF00A5A810 /* XCRemoteSwiftPackageReference "firebase-ios-sdk" */;
			productName = FirebaseAuth;
		};
		8508ADEC280962CF00A5A810 /* FirebaseAuthCombine-Community */ = {
			isa = XCSwiftPackageProductDependency;
			package = 8508ADDF280962CF00A5A810 /* XCRemoteSwiftPackageReference "firebase-ios-sdk" */;
			productName = "FirebaseAuthCombine-Community";
		};
		8508ADEE280962CF00A5A810 /* FirebaseCrashlytics */ = {
			isa = XCSwiftPackageProductDependency;
			package = 8508ADDF280962CF00A5A810 /* XCRemoteSwiftPackageReference "firebase-ios-sdk" */;
			productName = FirebaseCrashlytics;
		};
		8508ADF0280962CF00A5A810 /* FirebaseDatabase */ = {
			isa = XCSwiftPackageProductDependency;
			package = 8508ADDF280962CF00A5A810 /* XCRemoteSwiftPackageReference "firebase-ios-sdk" */;
			productName = FirebaseDatabase;
		};
		8508ADF2280962CF00A5A810 /* FirebaseDatabaseSwift */ = {
			isa = XCSwiftPackageProductDependency;
			package = 8508ADDF280962CF00A5A810 /* XCRemoteSwiftPackageReference "firebase-ios-sdk" */;
			productName = FirebaseDatabaseSwift;
		};
		8508ADF4280962CF00A5A810 /* FirebaseDynamicLinks */ = {
			isa = XCSwiftPackageProductDependency;
			package = 8508ADDF280962CF00A5A810 /* XCRemoteSwiftPackageReference "firebase-ios-sdk" */;
			productName = FirebaseDynamicLinks;
		};
		8508ADF6280962CF00A5A810 /* FirebaseFirestore */ = {
			isa = XCSwiftPackageProductDependency;
			package = 8508ADDF280962CF00A5A810 /* XCRemoteSwiftPackageReference "firebase-ios-sdk" */;
			productName = FirebaseFirestore;
		};
		8508ADF8280962CF00A5A810 /* FirebaseFirestoreCombine-Community */ = {
			isa = XCSwiftPackageProductDependency;
			package = 8508ADDF280962CF00A5A810 /* XCRemoteSwiftPackageReference "firebase-ios-sdk" */;
			productName = "FirebaseFirestoreCombine-Community";
		};
		8508ADFA280962CF00A5A810 /* FirebaseFirestoreSwift */ = {
			isa = XCSwiftPackageProductDependency;
			package = 8508ADDF280962CF00A5A810 /* XCRemoteSwiftPackageReference "firebase-ios-sdk" */;
			productName = FirebaseFirestoreSwift;
		};
		8508ADFC280962CF00A5A810 /* FirebaseFunctions */ = {
			isa = XCSwiftPackageProductDependency;
			package = 8508ADDF280962CF00A5A810 /* XCRemoteSwiftPackageReference "firebase-ios-sdk" */;
			productName = FirebaseFunctions;
		};
		8508ADFE280962CF00A5A810 /* FirebaseFunctionsCombine-Community */ = {
			isa = XCSwiftPackageProductDependency;
			package = 8508ADDF280962CF00A5A810 /* XCRemoteSwiftPackageReference "firebase-ios-sdk" */;
			productName = "FirebaseFunctionsCombine-Community";
		};
		8508AE00280962CF00A5A810 /* FirebaseInAppMessaging-Beta */ = {
			isa = XCSwiftPackageProductDependency;
			package = 8508ADDF280962CF00A5A810 /* XCRemoteSwiftPackageReference "firebase-ios-sdk" */;
			productName = "FirebaseInAppMessaging-Beta";
		};
		8508AE02280962CF00A5A810 /* FirebaseInAppMessagingSwift-Beta */ = {
			isa = XCSwiftPackageProductDependency;
			package = 8508ADDF280962CF00A5A810 /* XCRemoteSwiftPackageReference "firebase-ios-sdk" */;
			productName = "FirebaseInAppMessagingSwift-Beta";
		};
		8508AE04280962CF00A5A810 /* FirebaseInstallations */ = {
			isa = XCSwiftPackageProductDependency;
			package = 8508ADDF280962CF00A5A810 /* XCRemoteSwiftPackageReference "firebase-ios-sdk" */;
			productName = FirebaseInstallations;
		};
		8508AE06280962CF00A5A810 /* FirebaseMLModelDownloader */ = {
			isa = XCSwiftPackageProductDependency;
			package = 8508ADDF280962CF00A5A810 /* XCRemoteSwiftPackageReference "firebase-ios-sdk" */;
			productName = FirebaseMLModelDownloader;
		};
		8508AE08280962CF00A5A810 /* FirebaseMessaging */ = {
			isa = XCSwiftPackageProductDependency;
			package = 8508ADDF280962CF00A5A810 /* XCRemoteSwiftPackageReference "firebase-ios-sdk" */;
			productName = FirebaseMessaging;
		};
		8508AE0A280962CF00A5A810 /* FirebasePerformance */ = {
			isa = XCSwiftPackageProductDependency;
			package = 8508ADDF280962CF00A5A810 /* XCRemoteSwiftPackageReference "firebase-ios-sdk" */;
			productName = FirebasePerformance;
		};
		8508AE0C280962CF00A5A810 /* FirebaseRemoteConfig */ = {
			isa = XCSwiftPackageProductDependency;
			package = 8508ADDF280962CF00A5A810 /* XCRemoteSwiftPackageReference "firebase-ios-sdk" */;
			productName = FirebaseRemoteConfig;
		};
		8508AE0E280962CF00A5A810 /* FirebaseRemoteConfigSwift */ = {
			isa = XCSwiftPackageProductDependency;
			package = 8508ADDF280962CF00A5A810 /* XCRemoteSwiftPackageReference "firebase-ios-sdk" */;
			productName = FirebaseRemoteConfigSwift;
		};
		8508AE10280962CF00A5A810 /* FirebaseStorage */ = {
			isa = XCSwiftPackageProductDependency;
			package = 8508ADDF280962CF00A5A810 /* XCRemoteSwiftPackageReference "firebase-ios-sdk" */;
			productName = FirebaseStorage;
		};
		8508AE12280962CF00A5A810 /* FirebaseStorageCombine-Community */ = {
			isa = XCSwiftPackageProductDependency;
			package = 8508ADDF280962CF00A5A810 /* XCRemoteSwiftPackageReference "firebase-ios-sdk" */;
			productName = "FirebaseStorageCombine-Community";
		};
/* End XCSwiftPackageProductDependency section */
	};
	rootObject = 8508ADC42809613E00A5A810 /* Project object */;
}
